// !$*UTF8*$!
{
	archiveVersion = 1;
	classes = {
	};
	objectVersion = 46;
	objects = {

/* Begin PBXBuildFile section */
		03262C671CAB8D1A0018C069 /* MessageUI.framework in Frameworks */ = {isa = PBXBuildFile; fileRef = 03262C661CAB8D1A0018C069 /* MessageUI.framework */; };
		03262C691CAB8D8A0018C069 /* SendSmsHeaderViewController.swift in Sources */ = {isa = PBXBuildFile; fileRef = 03262C681CAB8D8A0018C069 /* SendSmsHeaderViewController.swift */; };
		03262C6D1CAB8EBD0018C069 /* Sms.swift in Sources */ = {isa = PBXBuildFile; fileRef = 03262C6C1CAB8EBD0018C069 /* Sms.swift */; };
		03262C6F1CAB8ECA0018C069 /* Settings.swift in Sources */ = {isa = PBXBuildFile; fileRef = 03262C6E1CAB8ECA0018C069 /* Settings.swift */; };
		03262C711CAB8EED0018C069 /* SmsService.swift in Sources */ = {isa = PBXBuildFile; fileRef = 03262C701CAB8EED0018C069 /* SmsService.swift */; };
		03489CB01CAD1B9B00E7F249 /* SendSmsDetailViewController.swift in Sources */ = {isa = PBXBuildFile; fileRef = 03489CAF1CAD1B9B00E7F249 /* SendSmsDetailViewController.swift */; };
		037E93831CAAA779000DD110 /* AppDelegate.swift in Sources */ = {isa = PBXBuildFile; fileRef = 037E93821CAAA779000DD110 /* AppDelegate.swift */; };
		037E93851CAAA779000DD110 /* ViewController.swift in Sources */ = {isa = PBXBuildFile; fileRef = 037E93841CAAA779000DD110 /* ViewController.swift */; };
		037E93881CAAA779000DD110 /* Main.storyboard in Resources */ = {isa = PBXBuildFile; fileRef = 037E93861CAAA779000DD110 /* Main.storyboard */; };
		037E938A1CAAA779000DD110 /* Assets.xcassets in Resources */ = {isa = PBXBuildFile; fileRef = 037E93891CAAA779000DD110 /* Assets.xcassets */; };
		037E938D1CAAA779000DD110 /* LaunchScreen.storyboard in Resources */ = {isa = PBXBuildFile; fileRef = 037E938B1CAAA779000DD110 /* LaunchScreen.storyboard */; };
		037E93981CAAA779000DD110 /* messageCenterTests.swift in Sources */ = {isa = PBXBuildFile; fileRef = 037E93971CAAA779000DD110 /* messageCenterTests.swift */; };
		037E93A31CAAA779000DD110 /* messageCenterUITests.swift in Sources */ = {isa = PBXBuildFile; fileRef = 037E93A21CAAA779000DD110 /* messageCenterUITests.swift */; };
		037E93B11CAAA8FD000DD110 /* ViewController2.swift in Sources */ = {isa = PBXBuildFile; fileRef = 037E93B01CAAA8FD000DD110 /* ViewController2.swift */; };
/* End PBXBuildFile section */

/* Begin PBXContainerItemProxy section */
		037E93941CAAA779000DD110 /* PBXContainerItemProxy */ = {
			isa = PBXContainerItemProxy;
			containerPortal = 037E93771CAAA779000DD110 /* Project object */;
			proxyType = 1;
			remoteGlobalIDString = 037E937E1CAAA779000DD110;
			remoteInfo = messageCenter;
		};
		037E939F1CAAA779000DD110 /* PBXContainerItemProxy */ = {
			isa = PBXContainerItemProxy;
			containerPortal = 037E93771CAAA779000DD110 /* Project object */;
			proxyType = 1;
			remoteGlobalIDString = 037E937E1CAAA779000DD110;
			remoteInfo = messageCenter;
		};
/* End PBXContainerItemProxy section */

/* Begin PBXFileReference section */
		03262C661CAB8D1A0018C069 /* MessageUI.framework */ = {isa = PBXFileReference; lastKnownFileType = wrapper.framework; name = MessageUI.framework; path = System/Library/Frameworks/MessageUI.framework; sourceTree = SDKROOT; };
		03262C681CAB8D8A0018C069 /* SendSmsHeaderViewController.swift */ = {isa = PBXFileReference; fileEncoding = 4; lastKnownFileType = sourcecode.swift; name = SendSmsHeaderViewController.swift; path = ../SendSmsHeaderViewController.swift; sourceTree = "<group>"; };
		03262C6C1CAB8EBD0018C069 /* Sms.swift */ = {isa = PBXFileReference; fileEncoding = 4; lastKnownFileType = sourcecode.swift; path = Sms.swift; sourceTree = "<group>"; };
		03262C6E1CAB8ECA0018C069 /* Settings.swift */ = {isa = PBXFileReference; fileEncoding = 4; lastKnownFileType = sourcecode.swift; path = Settings.swift; sourceTree = "<group>"; };
		03262C701CAB8EED0018C069 /* SmsService.swift */ = {isa = PBXFileReference; fileEncoding = 4; lastKnownFileType = sourcecode.swift; path = SmsService.swift; sourceTree = "<group>"; };
		03489CAF1CAD1B9B00E7F249 /* SendSmsDetailViewController.swift */ = {isa = PBXFileReference; fileEncoding = 4; lastKnownFileType = sourcecode.swift; path = SendSmsDetailViewController.swift; sourceTree = "<group>"; };
		037E937F1CAAA779000DD110 /* messageCenter.app */ = {isa = PBXFileReference; explicitFileType = wrapper.application; includeInIndex = 0; path = messageCenter.app; sourceTree = BUILT_PRODUCTS_DIR; };
		037E93821CAAA779000DD110 /* AppDelegate.swift */ = {isa = PBXFileReference; lastKnownFileType = sourcecode.swift; path = AppDelegate.swift; sourceTree = "<group>"; };
		037E93841CAAA779000DD110 /* ViewController.swift */ = {isa = PBXFileReference; lastKnownFileType = sourcecode.swift; path = ViewController.swift; sourceTree = "<group>"; };
		037E93871CAAA779000DD110 /* Base */ = {isa = PBXFileReference; lastKnownFileType = file.storyboard; name = Base; path = Base.lproj/Main.storyboard; sourceTree = "<group>"; };
		037E93891CAAA779000DD110 /* Assets.xcassets */ = {isa = PBXFileReference; lastKnownFileType = folder.assetcatalog; path = Assets.xcassets; sourceTree = "<group>"; };
		037E938C1CAAA779000DD110 /* Base */ = {isa = PBXFileReference; lastKnownFileType = file.storyboard; name = Base; path = Base.lproj/LaunchScreen.storyboard; sourceTree = "<group>"; };
		037E938E1CAAA779000DD110 /* Info.plist */ = {isa = PBXFileReference; lastKnownFileType = text.plist.xml; path = Info.plist; sourceTree = "<group>"; };
		037E93931CAAA779000DD110 /* messageCenterTests.xctest */ = {isa = PBXFileReference; explicitFileType = wrapper.cfbundle; includeInIndex = 0; path = messageCenterTests.xctest; sourceTree = BUILT_PRODUCTS_DIR; };
		037E93971CAAA779000DD110 /* messageCenterTests.swift */ = {isa = PBXFileReference; lastKnownFileType = sourcecode.swift; path = messageCenterTests.swift; sourceTree = "<group>"; };
		037E93991CAAA779000DD110 /* Info.plist */ = {isa = PBXFileReference; lastKnownFileType = text.plist.xml; path = Info.plist; sourceTree = "<group>"; };
		037E939E1CAAA779000DD110 /* messageCenterUITests.xctest */ = {isa = PBXFileReference; explicitFileType = wrapper.cfbundle; includeInIndex = 0; path = messageCenterUITests.xctest; sourceTree = BUILT_PRODUCTS_DIR; };
		037E93A21CAAA779000DD110 /* messageCenterUITests.swift */ = {isa = PBXFileReference; lastKnownFileType = sourcecode.swift; path = messageCenterUITests.swift; sourceTree = "<group>"; };
		037E93A41CAAA779000DD110 /* Info.plist */ = {isa = PBXFileReference; lastKnownFileType = text.plist.xml; path = Info.plist; sourceTree = "<group>"; };
		037E93B01CAAA8FD000DD110 /* ViewController2.swift */ = {isa = PBXFileReference; fileEncoding = 4; lastKnownFileType = sourcecode.swift; path = ViewController2.swift; sourceTree = "<group>"; };
/* End PBXFileReference section */

/* Begin PBXFrameworksBuildPhase section */
		037E937C1CAAA779000DD110 /* Frameworks */ = {
			isa = PBXFrameworksBuildPhase;
			buildActionMask = 2147483647;
			files = (
				03262C671CAB8D1A0018C069 /* MessageUI.framework in Frameworks */,
			);
			runOnlyForDeploymentPostprocessing = 0;
		};
		037E93901CAAA779000DD110 /* Frameworks */ = {
			isa = PBXFrameworksBuildPhase;
			buildActionMask = 2147483647;
			files = (
			);
			runOnlyForDeploymentPostprocessing = 0;
		};
		037E939B1CAAA779000DD110 /* Frameworks */ = {
			isa = PBXFrameworksBuildPhase;
			buildActionMask = 2147483647;
			files = (
			);
			runOnlyForDeploymentPostprocessing = 0;
		};
/* End PBXFrameworksBuildPhase section */

/* Begin PBXGroup section */
		03489CB31CAE19FF00E7F249 /* controller */ = {
			isa = PBXGroup;
			children = (
				03489CAF1CAD1B9B00E7F249 /* SendSmsDetailViewController.swift */,
				03262C681CAB8D8A0018C069 /* SendSmsHeaderViewController.swift */,
				037E93841CAAA779000DD110 /* ViewController.swift */,
				037E93B01CAAA8FD000DD110 /* ViewController2.swift */,
			);
			name = controller;
			sourceTree = "<group>";
		};
		03489CB41CAE1A1D00E7F249 /* library */ = {
			isa = PBXGroup;
			children = (
				03262C6C1CAB8EBD0018C069 /* Sms.swift */,
				03262C6E1CAB8ECA0018C069 /* Settings.swift */,
				03262C701CAB8EED0018C069 /* SmsService.swift */,
			);
			name = library;
			sourceTree = "<group>";
		};
		037E93761CAAA779000DD110 = {
			isa = PBXGroup;
			children = (
				03262C661CAB8D1A0018C069 /* MessageUI.framework */,
				037E93811CAAA779000DD110 /* messageCenter */,
				037E93961CAAA779000DD110 /* messageCenterTests */,
				037E93A11CAAA779000DD110 /* messageCenterUITests */,
				037E93801CAAA779000DD110 /* Products */,
			);
			sourceTree = "<group>";
		};
		037E93801CAAA779000DD110 /* Products */ = {
			isa = PBXGroup;
			children = (
				037E937F1CAAA779000DD110 /* messageCenter.app */,
				037E93931CAAA779000DD110 /* messageCenterTests.xctest */,
				037E939E1CAAA779000DD110 /* messageCenterUITests.xctest */,
			);
			name = Products;
			sourceTree = "<group>";
		};
		037E93811CAAA779000DD110 /* messageCenter */ = {
			isa = PBXGroup;
			children = (
				03489CB41CAE1A1D00E7F249 /* library */,
				03489CB31CAE19FF00E7F249 /* controller */,
				037E93821CAAA779000DD110 /* AppDelegate.swift */,
				037E93861CAAA779000DD110 /* Main.storyboard */,
				037E93891CAAA779000DD110 /* Assets.xcassets */,
				037E938B1CAAA779000DD110 /* LaunchScreen.storyboard */,
				037E938E1CAAA779000DD110 /* Info.plist */,
			);
			path = messageCenter;
			sourceTree = "<group>";
		};
		037E93961CAAA779000DD110 /* messageCenterTests */ = {
			isa = PBXGroup;
			children = (
				037E93971CAAA779000DD110 /* messageCenterTests.swift */,
				037E93991CAAA779000DD110 /* Info.plist */,
			);
			path = messageCenterTests;
			sourceTree = "<group>";
		};
		037E93A11CAAA779000DD110 /* messageCenterUITests */ = {
			isa = PBXGroup;
			children = (
				037E93A21CAAA779000DD110 /* messageCenterUITests.swift */,
				037E93A41CAAA779000DD110 /* Info.plist */,
			);
			path = messageCenterUITests;
			sourceTree = "<group>";
		};
/* End PBXGroup section */

/* Begin PBXNativeTarget section */
		037E937E1CAAA779000DD110 /* messageCenter */ = {
			isa = PBXNativeTarget;
			buildConfigurationList = 037E93A71CAAA779000DD110 /* Build configuration list for PBXNativeTarget "messageCenter" */;
			buildPhases = (
				037E937B1CAAA779000DD110 /* Sources */,
				037E937C1CAAA779000DD110 /* Frameworks */,
				037E937D1CAAA779000DD110 /* Resources */,
			);
			buildRules = (
			);
			dependencies = (
			);
			name = messageCenter;
			productName = messageCenter;
			productReference = 037E937F1CAAA779000DD110 /* messageCenter.app */;
			productType = "com.apple.product-type.application";
		};
		037E93921CAAA779000DD110 /* messageCenterTests */ = {
			isa = PBXNativeTarget;
			buildConfigurationList = 037E93AA1CAAA779000DD110 /* Build configuration list for PBXNativeTarget "messageCenterTests" */;
			buildPhases = (
				037E938F1CAAA779000DD110 /* Sources */,
				037E93901CAAA779000DD110 /* Frameworks */,
				037E93911CAAA779000DD110 /* Resources */,
			);
			buildRules = (
			);
			dependencies = (
				037E93951CAAA779000DD110 /* PBXTargetDependency */,
			);
			name = messageCenterTests;
			productName = messageCenterTests;
			productReference = 037E93931CAAA779000DD110 /* messageCenterTests.xctest */;
			productType = "com.apple.product-type.bundle.unit-test";
		};
		037E939D1CAAA779000DD110 /* messageCenterUITests */ = {
			isa = PBXNativeTarget;
			buildConfigurationList = 037E93AD1CAAA779000DD110 /* Build configuration list for PBXNativeTarget "messageCenterUITests" */;
			buildPhases = (
				037E939A1CAAA779000DD110 /* Sources */,
				037E939B1CAAA779000DD110 /* Frameworks */,
				037E939C1CAAA779000DD110 /* Resources */,
			);
			buildRules = (
			);
			dependencies = (
				037E93A01CAAA779000DD110 /* PBXTargetDependency */,
			);
			name = messageCenterUITests;
			productName = messageCenterUITests;
			productReference = 037E939E1CAAA779000DD110 /* messageCenterUITests.xctest */;
			productType = "com.apple.product-type.bundle.ui-testing";
		};
/* End PBXNativeTarget section */

/* Begin PBXProject section */
		037E93771CAAA779000DD110 /* Project object */ = {
			isa = PBXProject;
			attributes = {
				LastSwiftUpdateCheck = 0730;
				LastUpgradeCheck = 0730;
				ORGANIZATIONNAME = Eman;
				TargetAttributes = {
					037E937E1CAAA779000DD110 = {
						CreatedOnToolsVersion = 7.3;
						DevelopmentTeam = T3L6H2LUAH;
					};
					037E93921CAAA779000DD110 = {
						CreatedOnToolsVersion = 7.3;
						DevelopmentTeam = T3L6H2LUAH;
						TestTargetID = 037E937E1CAAA779000DD110;
					};
					037E939D1CAAA779000DD110 = {
						CreatedOnToolsVersion = 7.3;
						DevelopmentTeam = T3L6H2LUAH;
						TestTargetID = 037E937E1CAAA779000DD110;
					};
				};
			};
			buildConfigurationList = 037E937A1CAAA779000DD110 /* Build configuration list for PBXProject "messageCenter" */;
			compatibilityVersion = "Xcode 3.2";
			developmentRegion = English;
			hasScannedForEncodings = 0;
			knownRegions = (
				en,
				Base,
			);
			mainGroup = 037E93761CAAA779000DD110;
			productRefGroup = 037E93801CAAA779000DD110 /* Products */;
			projectDirPath = "";
			projectRoot = "";
			targets = (
				037E937E1CAAA779000DD110 /* messageCenter */,
				037E93921CAAA779000DD110 /* messageCenterTests */,
				037E939D1CAAA779000DD110 /* messageCenterUITests */,
			);
		};
/* End PBXProject section */

/* Begin PBXResourcesBuildPhase section */
		037E937D1CAAA779000DD110 /* Resources */ = {
			isa = PBXResourcesBuildPhase;
			buildActionMask = 2147483647;
			files = (
				037E938D1CAAA779000DD110 /* LaunchScreen.storyboard in Resources */,
				037E938A1CAAA779000DD110 /* Assets.xcassets in Resources */,
				037E93881CAAA779000DD110 /* Main.storyboard in Resources */,
			);
			runOnlyForDeploymentPostprocessing = 0;
		};
		037E93911CAAA779000DD110 /* Resources */ = {
			isa = PBXResourcesBuildPhase;
			buildActionMask = 2147483647;
			files = (
			);
			runOnlyForDeploymentPostprocessing = 0;
		};
		037E939C1CAAA779000DD110 /* Resources */ = {
			isa = PBXResourcesBuildPhase;
			buildActionMask = 2147483647;
			files = (
			);
			runOnlyForDeploymentPostprocessing = 0;
		};
/* End PBXResourcesBuildPhase section */

/* Begin PBXSourcesBuildPhase section */
		037E937B1CAAA779000DD110 /* Sources */ = {
			isa = PBXSourcesBuildPhase;
			buildActionMask = 2147483647;
			files = (
				03262C691CAB8D8A0018C069 /* SendSmsHeaderViewController.swift in Sources */,
				037E93851CAAA779000DD110 /* ViewController.swift in Sources */,
				037E93831CAAA779000DD110 /* AppDelegate.swift in Sources */,
				037E93B11CAAA8FD000DD110 /* ViewController2.swift in Sources */,
				03489CB01CAD1B9B00E7F249 /* SendSmsDetailViewController.swift in Sources */,
				03262C6F1CAB8ECA0018C069 /* Settings.swift in Sources */,
				03262C6D1CAB8EBD0018C069 /* Sms.swift in Sources */,
				03262C711CAB8EED0018C069 /* SmsService.swift in Sources */,
			);
			runOnlyForDeploymentPostprocessing = 0;
		};
		037E938F1CAAA779000DD110 /* Sources */ = {
			isa = PBXSourcesBuildPhase;
			buildActionMask = 2147483647;
			files = (
				037E93981CAAA779000DD110 /* messageCenterTests.swift in Sources */,
			);
			runOnlyForDeploymentPostprocessing = 0;
		};
		037E939A1CAAA779000DD110 /* Sources */ = {
			isa = PBXSourcesBuildPhase;
			buildActionMask = 2147483647;
			files = (
				037E93A31CAAA779000DD110 /* messageCenterUITests.swift in Sources */,
			);
			runOnlyForDeploymentPostprocessing = 0;
		};
/* End PBXSourcesBuildPhase section */

/* Begin PBXTargetDependency section */
		037E93951CAAA779000DD110 /* PBXTargetDependency */ = {
			isa = PBXTargetDependency;
			target = 037E937E1CAAA779000DD110 /* messageCenter */;
			targetProxy = 037E93941CAAA779000DD110 /* PBXContainerItemProxy */;
		};
		037E93A01CAAA779000DD110 /* PBXTargetDependency */ = {
			isa = PBXTargetDependency;
			target = 037E937E1CAAA779000DD110 /* messageCenter */;
			targetProxy = 037E939F1CAAA779000DD110 /* PBXContainerItemProxy */;
		};
/* End PBXTargetDependency section */

/* Begin PBXVariantGroup section */
		037E93861CAAA779000DD110 /* Main.storyboard */ = {
			isa = PBXVariantGroup;
			children = (
				037E93871CAAA779000DD110 /* Base */,
			);
			name = Main.storyboard;
			sourceTree = "<group>";
		};
		037E938B1CAAA779000DD110 /* LaunchScreen.storyboard */ = {
			isa = PBXVariantGroup;
			children = (
				037E938C1CAAA779000DD110 /* Base */,
			);
			name = LaunchScreen.storyboard;
			sourceTree = "<group>";
		};
/* End PBXVariantGroup section */

/* Begin XCBuildConfiguration section */
		037E93A51CAAA779000DD110 /* Debug */ = {
			isa = XCBuildConfiguration;
			buildSettings = {
				ALWAYS_SEARCH_USER_PATHS = NO;
				CLANG_ANALYZER_NONNULL = YES;
				CLANG_CXX_LANGUAGE_STANDARD = "gnu++0x";
				CLANG_CXX_LIBRARY = "libc++";
				CLANG_ENABLE_MODULES = YES;
				CLANG_ENABLE_OBJC_ARC = YES;
				CLANG_WARN_BOOL_CONVERSION = YES;
				CLANG_WARN_CONSTANT_CONVERSION = YES;
				CLANG_WARN_DIRECT_OBJC_ISA_USAGE = YES_ERROR;
				CLANG_WARN_EMPTY_BODY = YES;
				CLANG_WARN_ENUM_CONVERSION = YES;
				CLANG_WARN_INT_CONVERSION = YES;
				CLANG_WARN_OBJC_ROOT_CLASS = YES_ERROR;
				CLANG_WARN_UNREACHABLE_CODE = YES;
				CLANG_WARN__DUPLICATE_METHOD_MATCH = YES;
				"CODE_SIGN_IDENTITY[sdk=iphoneos*]" = "iPhone Developer";
				COPY_PHASE_STRIP = NO;
				DEBUG_INFORMATION_FORMAT = dwarf;
				ENABLE_STRICT_OBJC_MSGSEND = YES;
				ENABLE_TESTABILITY = YES;
				GCC_C_LANGUAGE_STANDARD = gnu99;
				GCC_DYNAMIC_NO_PIC = NO;
				GCC_NO_COMMON_BLOCKS = YES;
				GCC_OPTIMIZATION_LEVEL = 0;
				GCC_PREPROCESSOR_DEFINITIONS = (
					"DEBUG=1",
					"$(inherited)",
				);
				GCC_WARN_64_TO_32_BIT_CONVERSION = YES;
				GCC_WARN_ABOUT_RETURN_TYPE = YES_ERROR;
				GCC_WARN_UNDECLARED_SELECTOR = YES;
				GCC_WARN_UNINITIALIZED_AUTOS = YES_AGGRESSIVE;
				GCC_WARN_UNUSED_FUNCTION = YES;
				GCC_WARN_UNUSED_VARIABLE = YES;
				IPHONEOS_DEPLOYMENT_TARGET = 9.3;
				MTL_ENABLE_DEBUG_INFO = YES;
				ONLY_ACTIVE_ARCH = YES;
				SDKROOT = iphoneos;
				SWIFT_OPTIMIZATION_LEVEL = "-Onone";
				TARGETED_DEVICE_FAMILY = "1,2";
			};
			name = Debug;
		};
		037E93A61CAAA779000DD110 /* Release */ = {
			isa = XCBuildConfiguration;
			buildSettings = {
				ALWAYS_SEARCH_USER_PATHS = NO;
				CLANG_ANALYZER_NONNULL = YES;
				CLANG_CXX_LANGUAGE_STANDARD = "gnu++0x";
				CLANG_CXX_LIBRARY = "libc++";
				CLANG_ENABLE_MODULES = YES;
				CLANG_ENABLE_OBJC_ARC = YES;
				CLANG_WARN_BOOL_CONVERSION = YES;
				CLANG_WARN_CONSTANT_CONVERSION = YES;
				CLANG_WARN_DIRECT_OBJC_ISA_USAGE = YES_ERROR;
				CLANG_WARN_EMPTY_BODY = YES;
				CLANG_WARN_ENUM_CONVERSION = YES;
				CLANG_WARN_INT_CONVERSION = YES;
				CLANG_WARN_OBJC_ROOT_CLASS = YES_ERROR;
				CLANG_WARN_UNREACHABLE_CODE = YES;
				CLANG_WARN__DUPLICATE_METHOD_MATCH = YES;
				"CODE_SIGN_IDENTITY[sdk=iphoneos*]" = "iPhone Developer";
				COPY_PHASE_STRIP = NO;
				DEBUG_INFORMATION_FORMAT = "dwarf-with-dsym";
				ENABLE_NS_ASSERTIONS = NO;
				ENABLE_STRICT_OBJC_MSGSEND = YES;
				GCC_C_LANGUAGE_STANDARD = gnu99;
				GCC_NO_COMMON_BLOCKS = YES;
				GCC_WARN_64_TO_32_BIT_CONVERSION = YES;
				GCC_WARN_ABOUT_RETURN_TYPE = YES_ERROR;
				GCC_WARN_UNDECLARED_SELECTOR = YES;
				GCC_WARN_UNINITIALIZED_AUTOS = YES_AGGRESSIVE;
				GCC_WARN_UNUSED_FUNCTION = YES;
				GCC_WARN_UNUSED_VARIABLE = YES;
				IPHONEOS_DEPLOYMENT_TARGET = 9.3;
				MTL_ENABLE_DEBUG_INFO = NO;
				SDKROOT = iphoneos;
				TARGETED_DEVICE_FAMILY = "1,2";
				VALIDATE_PRODUCT = YES;
			};
			name = Release;
		};
		037E93A81CAAA779000DD110 /* Debug */ = {
			isa = XCBuildConfiguration;
			buildSettings = {
				ASSETCATALOG_COMPILER_APPICON_NAME = AppIcon;
				INFOPLIST_FILE = messageCenter/Info.plist;
				IPHONEOS_DEPLOYMENT_TARGET = 9.0;
				LD_RUNPATH_SEARCH_PATHS = "$(inherited) @executable_path/Frameworks";
				PRODUCT_BUNDLE_IDENTIFIER = micronclean.messageCenter;
				PRODUCT_NAME = "$(TARGET_NAME)";
				TARGETED_DEVICE_FAMILY = "1,2";
			};
			name = Debug;
		};
		037E93A91CAAA779000DD110 /* Release */ = {
			isa = XCBuildConfiguration;
			buildSettings = {
				ASSETCATALOG_COMPILER_APPICON_NAME = AppIcon;
				INFOPLIST_FILE = messageCenter/Info.plist;
				IPHONEOS_DEPLOYMENT_TARGET = 9.0;
				LD_RUNPATH_SEARCH_PATHS = "$(inherited) @executable_path/Frameworks";
				PRODUCT_BUNDLE_IDENTIFIER = micronclean.messageCenter;
				PRODUCT_NAME = "$(TARGET_NAME)";
				TARGETED_DEVICE_FAMILY = "1,2";
			};
			name = Release;
		};
		037E93AB1CAAA779000DD110 /* Debug */ = {
			isa = XCBuildConfiguration;
			buildSettings = {
				BUNDLE_LOADER = "$(TEST_HOST)";
				INFOPLIST_FILE = messageCenterTests/Info.plist;
				LD_RUNPATH_SEARCH_PATHS = "$(inherited) @executable_path/Frameworks @loader_path/Frameworks";
				PRODUCT_BUNDLE_IDENTIFIER = micronclean.messageCenterTests;
				PRODUCT_NAME = "$(TARGET_NAME)";
				TEST_HOST = "$(BUILT_PRODUCTS_DIR)/messageCenter.app/messageCenter";
			};
			name = Debug;
		};
		037E93AC1CAAA779000DD110 /* Release */ = {
			isa = XCBuildConfiguration;
			buildSettings = {
				BUNDLE_LOADER = "$(TEST_HOST)";
				INFOPLIST_FILE = messageCenterTests/Info.plist;
				LD_RUNPATH_SEARCH_PATHS = "$(inherited) @executable_path/Frameworks @loader_path/Frameworks";
				PRODUCT_BUNDLE_IDENTIFIER = micronclean.messageCenterTests;
				PRODUCT_NAME = "$(TARGET_NAME)";
				TEST_HOST = "$(BUILT_PRODUCTS_DIR)/messageCenter.app/messageCenter";
			};
			name = Release;
		};
		037E93AE1CAAA779000DD110 /* Debug */ = {
			isa = XCBuildConfiguration;
			buildSettings = {
				INFOPLIST_FILE = messageCenterUITests/Info.plist;
				LD_RUNPATH_SEARCH_PATHS = "$(inherited) @executable_path/Frameworks @loader_path/Frameworks";
				PRODUCT_BUNDLE_IDENTIFIER = micronclean.messageCenterUITests;
				PRODUCT_NAME = "$(TARGET_NAME)";
				TEST_TARGET_NAME = messageCenter;
			};
			name = Debug;
		};
		037E93AF1CAAA779000DD110 /* Release */ = {
			isa = XCBuildConfiguration;
			buildSettings = {
				INFOPLIST_FILE = messageCenterUITests/Info.plist;
				LD_RUNPATH_SEARCH_PATHS = "$(inherited) @executable_path/Frameworks @loader_path/Frameworks";
				PRODUCT_BUNDLE_IDENTIFIER = micronclean.messageCenterUITests;
				PRODUCT_NAME = "$(TARGET_NAME)";
				TEST_TARGET_NAME = messageCenter;
			};
			name = Release;
		};
/* End XCBuildConfiguration section */

/* Begin XCConfigurationList section */
		037E937A1CAAA779000DD110 /* Build configuration list for PBXProject "messageCenter" */ = {
			isa = XCConfigurationList;
			buildConfigurations = (
				037E93A51CAAA779000DD110 /* Debug */,
				037E93A61CAAA779000DD110 /* Release */,
			);
			defaultConfigurationIsVisible = 0;
			defaultConfigurationName = Release;
		};
		037E93A71CAAA779000DD110 /* Build configuration list for PBXNativeTarget "messageCenter" */ = {
			isa = XCConfigurationList;
			buildConfigurations = (
				037E93A81CAAA779000DD110 /* Debug */,
				037E93A91CAAA779000DD110 /* Release */,
			);
			defaultConfigurationIsVisible = 0;
			defaultConfigurationName = Release;
		};
		037E93AA1CAAA779000DD110 /* Build configuration list for PBXNativeTarget "messageCenterTests" */ = {
			isa = XCConfigurationList;
			buildConfigurations = (
				037E93AB1CAAA779000DD110 /* Debug */,
				037E93AC1CAAA779000DD110 /* Release */,
			);
			defaultConfigurationIsVisible = 0;
			defaultConfigurationName = Release;
		};
		037E93AD1CAAA779000DD110 /* Build configuration list for PBXNativeTarget "messageCenterUITests" */ = {
			isa = XCConfigurationList;
			buildConfigurations = (
				037E93AE1CAAA779000DD110 /* Debug */,
				037E93AF1CAAA779000DD110 /* Release */,
			);
			defaultConfigurationIsVisible = 0;
			defaultConfigurationName = Release;
		};
/* End XCConfigurationList section */
	};
	rootObject = 037E93771CAAA779000DD110 /* Project object */;
}
